
Microsoft Visual Studio Solution File, Format Version 12.00
# Visual Studio Version 17
VisualStudioVersion = 17.5.002.0
MinimumVisualStudioVersion = 10.0.40219.1
Project("{9A19103F-16F7-4668-BE54-9A1E7A4F7556}") = "PortafolioI", "PortafolioI.csproj", "{125EDA81-3B62-4459-B967-8217CDAA0D0F}"
EndProject
Global
	GlobalSection(SolutionConfigurationPlatforms) = preSolution
		Debug|Any CPU = Debug|Any CPU
		Release|Any CPU = Release|Any CPU
	EndGlobalSection
	GlobalSection(ProjectConfigurationPlatforms) = postSolution
		{125EDA81-3B62-4459-B967-8217CDAA0D0F}.Debug|Any CPU.ActiveCfg = Debug|Any CPU
		{125EDA81-3B62-4459-B967-8217CDAA0D0F}.Debug|Any CPU.Build.0 = Debug|Any CPU
		{125EDA81-3B62-4459-B967-8217CDAA0D0F}.Release|Any CPU.ActiveCfg = Release|Any CPU
		{125EDA81-3B62-4459-B967-8217CDAA0D0F}.Release|Any CPU.Build.0 = Release|Any CPU
	EndGlobalSection
	GlobalSection(SolutionProperties) = preSolution
		HideSolutionNode = FALSE
	EndGlobalSection
	GlobalSection(ExtensibilityGlobals) = postSolution
		SolutionGuid = {668567B5-DB6F-4224-BAC5-7A6B4173DD2B}
	EndGlobalSection
EndGlobal
